
Microsoft Visual Studio Solution File, Format Version 12.00
# Visual Studio Version 17
VisualStudioVersion = 17.13.35806.99 d17.13
MinimumVisualStudioVersion = 10.0.40219.1
Project("{FAE04EC0-301F-11D3-BF4B-00C04F79EFBC}") = "exemplo5", "exemplo5\exemplo5.csproj", "{E17D3D81-5005-4A3B-84ED-3A1A26E84E6E}"
EndProject
Global
	GlobalSection(SolutionConfigurationPlatforms) = preSolution
		Debug|Any CPU = Debug|Any CPU
		Release|Any CPU = Release|Any CPU
	EndGlobalSection
	GlobalSection(ProjectConfigurationPlatforms) = postSolution
		{E17D3D81-5005-4A3B-84ED-3A1A26E84E6E}.Debug|Any CPU.ActiveCfg = Debug|Any CPU
		{E17D3D81-5005-4A3B-84ED-3A1A26E84E6E}.Debug|Any CPU.Build.0 = Debug|Any CPU
		{E17D3D81-5005-4A3B-84ED-3A1A26E84E6E}.Release|Any CPU.ActiveCfg = Release|Any CPU
		{E17D3D81-5005-4A3B-84ED-3A1A26E84E6E}.Release|Any CPU.Build.0 = Release|Any CPU
	EndGlobalSection
	GlobalSection(SolutionProperties) = preSolution
		HideSolutionNode = FALSE
	EndGlobalSection
	GlobalSection(ExtensibilityGlobals) = postSolution
		SolutionGuid = {3B3EF67E-EBF5-4C3A-A4EB-BBAF12FE6BF3}
	EndGlobalSection
EndGlobal
